
Microsoft Visual Studio Solution File, Format Version 12.00
# Visual Studio Version 16
VisualStudioVersion = 16.0.30413.136
MinimumVisualStudioVersion = 10.0.40219.1
Project("{888888A0-9F3D-457C-B088-3A5042F75D52}") = "Matplotlib_ErvinLiiv", "Matplotlib_ErvinLiiv.pyproj", "{1FFE7C1A-8730-495D-9672-85371BE7A22E}"
EndProject
Global
	GlobalSection(SolutionConfigurationPlatforms) = preSolution
		Debug|Any CPU = Debug|Any CPU
		Release|Any CPU = Release|Any CPU
	EndGlobalSection
	GlobalSection(ProjectConfigurationPlatforms) = postSolution
		{1FFE7C1A-8730-495D-9672-85371BE7A22E}.Debug|Any CPU.ActiveCfg = Debug|Any CPU
		{1FFE7C1A-8730-495D-9672-85371BE7A22E}.Release|Any CPU.ActiveCfg = Release|Any CPU
	EndGlobalSection
	GlobalSection(SolutionProperties) = preSolution
		HideSolutionNode = FALSE
	EndGlobalSection
	GlobalSection(ExtensibilityGlobals) = postSolution
		SolutionGuid = {5070C5DE-9313-4262-8225-217766E53277}
	EndGlobalSection
EndGlobal
